# This file is automatically @generated by Poetry 1.7.1 and should not be changed by hand.

[[package]]
name = "click"
version = "8.2.1"
description = "Composable command line interface toolkit"
optional = false
python-versions = ">=3.10"
files = [
    {file = "click-8.2.1-py3-none-any.whl", hash = "sha256:61a3265b914e850b85317d0b3109c7f8cd35a670f963866005d6ef1d5175a12b"},
    {file = "click-8.2.1.tar.gz", hash = "sha256:27c491cc05d968d271d5a1db13e3b5a184636d9d930f148c50b038f0d0646202"},
]

[package.dependencies]
colorama = {version = "*", markers = "platform_system == \"Windows\""}

[[package]]
name = "colorama"
version = "0.4.6"
description = "Cross-platform colored terminal text."
optional = false
python-versions = "!=3.0.*,!=3.1.*,!=3.2.*,!=3.3.*,!=3.4.*,!=3.5.*,!=3.6.*,>=2.7"
files = [
    {file = "colorama-0.4.6-py2.py3-none-any.whl", hash = "sha256:4f1d9991f5acc0ca119f9d443620b77f9d6b33703e51011c16baf57afb285fc6"},
    {file = "colorama-0.4.6.tar.gz", hash = "sha256:08695f5cb7ed6e0531a20572697297273c47b8cae5a63ffc6d6ed5c201be6e44"},
]

[[package]]
name = "exceptiongroup"
version = "1.3.0"
description = "Backport of PEP 654 (exception groups)"
optional = false
python-versions = ">=3.7"
files = [
    {file = "exceptiongroup-1.3.0-py3-none-any.whl", hash = "sha256:4d111e6e0c13d0644cad6ddaa7ed0261a0b36971f6d23e7ec9b4b9097da78a10"},
    {file = "exceptiongroup-1.3.0.tar.gz", hash = "sha256:b241f5885f560bc56a59ee63ca4c6a8bfa46ae4ad651af316d4e81817bb9fd88"},
]

[package.dependencies]
typing-extensions = {version = ">=4.6.0", markers = "python_version < \"3.13\""}

[package.extras]
test = ["pytest (>=6)"]

[[package]]
name = "iniconfig"
version = "2.1.0"
description = "brain-dead simple config-ini parsing"
optional = false
python-versions = ">=3.8"
files = [
    {file = "iniconfig-2.1.0-py3-none-any.whl", hash = "sha256:9deba5723312380e77435581c6bf4935c94cbfab9b1ed33ef8d238ea168eb760"},
    {file = "iniconfig-2.1.0.tar.gz", hash = "sha256:3abbd2e30b36733fee78f9c7f7308f2d0050e88f0087fd25c2645f63c773e1c7"},
]

[[package]]
name = "packaging"
version = "25.0"
description = "Core utilities for Python packages"
optional = false
python-versions = ">=3.8"
files = [
    {file = "packaging-25.0-py3-none-any.whl", hash = "sha256:29572ef2b1f17581046b3a2227d5c611fb25ec70ca1ba8554b24b0e69331a484"},
    {file = "packaging-25.0.tar.gz", hash = "sha256:d443872c98d677bf60f6a1f2f8c1cb748e8fe762d2bf9d3148b5599295b0fc4f"},
]

[[package]]
name = "pglast"
version = "7.7"
description = "PostgreSQL Languages AST and statements prettifier"
optional = false
python-versions = "*"
files = [
    {file = "pglast-7.7-cp310-cp310-macosx_10_9_x86_64.whl", hash = "sha256:b784463ccdf357db8a9484a67afdeb39dc74db4cccc78e204bb7b3fcea00c6d2"},
    {file = "pglast-7.7-cp310-cp310-macosx_11_0_arm64.whl", hash = "sha256:624c6f9b3c57c833aab752702f623bbdc9d36177c9830f73dc122509bd88654e"},
    {file = "pglast-7.7-cp310-cp310-manylinux_2_17_aarch64.manylinux2014_aarch64.whl", hash = "sha256:aa4ead1612f32892ff4155d50f4da44d172e78730152612ff1e4f5868d5f1cb6"},
    {file = "pglast-7.7-cp310-cp310-manylinux_2_17_x86_64.manylinux2014_x86_64.whl", hash = "sha256:e566461096db4a77753255df3b05318456a1e0e682e73176e4657420e0350ef6"},
    {file = "pglast-7.7-cp310-cp310-manylinux_2_5_i686.manylinux1_i686.manylinux_2_17_i686.manylinux2014_i686.whl", hash = "sha256:09df9d1af65d1fe1aa6d12f91a740040b1c5964627060ad3b65a5ce615ed7198"},
    {file = "pglast-7.7-cp310-cp310-musllinux_1_2_aarch64.whl", hash = "sha256:1b0d6495bbccfe75ed9293b786c25a92b02bb01d45f38708a509aa39f02b2a58"},
    {file = "pglast-7.7-cp310-cp310-musllinux_1_2_i686.whl", hash = "sha256:7133e3373ca1786940abb44deba69c901ccbbc0a4fa0d155fb807985f090a389"},
    {file = "pglast-7.7-cp310-cp310-musllinux_1_2_x86_64.whl", hash = "sha256:48fd72bf2df186ce62d88b4e63b3971830fbf7badba33fff4b95536cd1e92edd"},
    {file = "pglast-7.7-cp310-cp310-win32.whl", hash = "sha256:4806bc6c6dee4a01b3f63fba1a50982041655a8df928825ca41d55136811c278"},
    {file = "pglast-7.7-cp310-cp310-win_amd64.whl", hash = "sha256:8cf588be611bab18c324b6a20437a7ff2e70acb0cd82adcf8f057bcae6d64405"},
    {file = "pglast-7.7-cp311-cp311-macosx_10_9_x86_64.whl", hash = "sha256:fd75f03238facb918d10f6d68a04270db440ed6df0dad10bbe5f5c5f40098386"},
    {file = "pglast-7.7-cp311-cp311-macosx_11_0_arm64.whl", hash = "sha256:6f997ea1a5f3b8d67814bb7b3e102198f41b28235ad07f00599528674c6e4160"},
    {file = "pglast-7.7-cp311-cp311-manylinux_2_17_aarch64.manylinux2014_aarch64.whl", hash = "sha256:293d4d88773db46c766b29a85c7fb70336629c93471d718d16f6a26aecefb3d0"},
    {file = "pglast-7.7-cp311-cp311-manylinux_2_17_x86_64.manylinux2014_x86_64.whl", hash = "sha256:d4a768a6e806162ef2778787c4278c27084a26f69a24f536c53bc57e4df0b81d"},
    {file = "pglast-7.7-cp311-cp311-manylinux_2_5_i686.manylinux1_i686.manylinux_2_17_i686.manylinux2014_i686.whl", hash = "sha256:c93ecacc3ec2a5d82a3dcc88889c0bb0b3cff18be2c51e3c29c76a0c636746b6"},
    {file = "pglast-7.7-cp311-cp311-musllinux_1_2_aarch64.whl", hash = "sha256:3449cc6465a502cd2bd36f9bd07f95b98ed994b45e16b7e615943cca8598d19f"},
    {file = "pglast-7.7-cp311-cp311-musllinux_1_2_i686.whl", hash = "sha256:f63e9d4a7ad3ccc2e41cb490d4c9480846c2d4d61f3fc58a78803a1e55aca31b"},
    {file = "pglast-7.7-cp311-cp311-musllinux_1_2_x86_64.whl", hash = "sha256:1cfee4cc8d52b9bc33c9b116a2e7a3389135c1d8e2fa2451cc276bf4be6c7c9b"},
    {file = "pglast-7.7-cp311-cp311-win32.whl", hash = "sha256:578f9a65c5305ad737eb336341eb7ced4681895160f65168a1cec39ce4465e4b"},
    {file = "pglast-7.7-cp311-cp311-win_amd64.whl", hash = "sha256:aac8f68fad3900bcff591ee91a1d0da37e492e901569ac3970fffdbaa9bcb4c7"},
    {file = "pglast-7.7-cp312-cp312-macosx_10_13_x86_64.whl", hash = "sha256:6cf3a0f3fff2381470aea51f569c586388c560f1125d81abf9c2c5b06941225e"},
    {file = "pglast-7.7-cp312-cp312-macosx_11_0_arm64.whl", hash = "sha256:b90c18341fb2c11f4547cb791fc2366ca3cde619ca1db173af9915743441c7e9"},
    {file = "pglast-7.7-cp312-cp312-manylinux_2_17_aarch64.manylinux2014_aarch64.whl", hash = "sha256:409b4bb42897e1408dd7dbde2a0a312c84fbca6e18425891a182bd5a179ed16f"},
    {file = "pglast-7.7-cp312-cp312-manylinux_2_17_x86_64.manylinux2014_x86_64.whl", hash = "sha256:f8da91c4011e101b59e369d31c0feae0ed26c575af9d8e7accfe5deaad3d1054"},
    {file = "pglast-7.7-cp312-cp312-manylinux_2_5_i686.manylinux1_i686.manylinux_2_17_i686.manylinux2014_i686.whl", hash = "sha256:af31e484bf3a1510d454ecbc0e9a42c88bd78633ac4b38d3f6cf3ca9e9589e76"},
    {file = "pglast-7.7-cp312-cp312-musllinux_1_2_aarch64.whl", hash = "sha256:a272e1a1108f61d5ccc5fbde567726e3a55fc0851883379abd44f6af478c53c3"},
    {file = "pglast-7.7-cp312-cp312-musllinux_1_2_i686.whl", hash = "sha256:72aaea0afb0addb7620662a489642e7758c60be77c9bc3c0878fb025e77f86af"},
    {file = "pglast-7.7-cp312-cp312-musllinux_1_2_x86_64.whl", hash = "sha256:5330b9e4d1acc0279799f906ba3d7f65b7343e8da205d11f25370a5172aeb2c1"},
    {file = "pglast-7.7-cp312-cp312-win32.whl", hash = "sha256:425729bd08a3396290b04137108fe8a53d61af79af5ddba9742e7a38a070f0d6"},
    {file = "pglast-7.7-cp312-cp312-win_amd64.whl", hash = "sha256:276e09fc55d458ff17de5595b40961b592a88468f8e750b1d868933060a52d70"},
    {file = "pglast-7.7-cp313-cp313-macosx_10_13_x86_64.whl", hash = "sha256:f3129d9b354c4a66d019753438eb4e05f29c1a37b8a13b67eb02256606c6ab0d"},
    {file = "pglast-7.7-cp313-cp313-macosx_11_0_arm64.whl", hash = "sha256:960453a617257111e386a2f7369ad5b4ce24c23d16481ff9ca6be8fe9d2d3683"},
    {file = "pglast-7.7-cp313-cp313-manylinux_2_17_aarch64.manylinux2014_aarch64.whl", hash = "sha256:8e1ee6f9195ae49c3b81aab0b8ce0bc1bdc45d150278caa3d905984c3c3cb91f"},
    {file = "pglast-7.7-cp313-cp313-manylinux_2_17_x86_64.manylinux2014_x86_64.whl", hash = "sha256:c6da8d49994d74b1ce0d6cc9149d5aaf76e0840aba005c792fa952ac4b671d8a"},
    {file = "pglast-7.7-cp313-cp313-manylinux_2_5_i686.manylinux1_i686.manylinux_2_17_i686.manylinux2014_i686.whl", hash = "sha256:5a8a651f627f9496a231aa404ff1285f980de800b9321d4c946ef683a9ec87a4"},
    {file = "pglast-7.7-cp313-cp313-musllinux_1_2_aarch64.whl", hash = "sha256:cd759adabaebc2157fbf5685aa629c6871768d5bfa759222e0a35131e7bac945"},
    {file = "pglast-7.7-cp313-cp313-musllinux_1_2_i686.whl", hash = "sha256:c3c103e0e9fd8e40f6cd18d9758e2f356b0f9365e7965cf2b5927c94e66cbd1a"},
    {file = "pglast-7.7-cp313-cp313-musllinux_1_2_x86_64.whl", hash = "sha256:aa476bb540aa51264cf7745da1329937e8e548bfe1337e8a795609cb83a57b1e"},
    {file = "pglast-7.7-cp313-cp313-win32.whl", hash = "sha256:c00aece936b1e3ced4d372ece18e36d3db3c004f5b6f4973af40bd2ed5180db3"},
    {file = "pglast-7.7-cp313-cp313-win_amd64.whl", hash = "sha256:cbd0139418b1d2a7a160840257d4b5cd95af1382b867f607d678fcaab44ef13a"},
    {file = "pglast-7.7-cp39-cp39-macosx_10_9_x86_64.whl", hash = "sha256:eae6d127034a49a0bb7d554660dc83b6dc9d8892a5f4a5f60d4f42a9ddd74b76"},
    {file = "pglast-7.7-cp39-cp39-macosx_11_0_arm64.whl", hash = "sha256:2dd8d3cfd5169cda39d8c2e012bf6a60b2c6778acee626017d07864df2518dd1"},
    {file = "pglast-7.7-cp39-cp39-manylinux_2_17_aarch64.manylinux2014_aarch64.whl", hash = "sha256:797b155b97b905b5fc4bb5a129fc2304c57432e9fdbed4e953ed0083a849d769"},
    {file = "pglast-7.7-cp39-cp39-manylinux_2_17_x86_64.manylinux2014_x86_64.whl", hash = "sha256:872421e7a5366ffd200d38eb271ed1b40a15e21c5da6574618d90c3e7fea8e08"},
    {file = "pglast-7.7-cp39-cp39-manylinux_2_5_i686.manylinux1_i686.manylinux_2_17_i686.manylinux2014_i686.whl", hash = "sha256:228d3f036ebaa16dc406d776b944b96b5d9a437ea39d84d63003f8101e27118b"},
    {file = "pglast-7.7-cp39-cp39-musllinux_1_2_aarch64.whl", hash = "sha256:c1040b9b9e9f78229e3e5b125a9fb8c00af58b5cf249306ff29ad854ebbb983d"},
    {file = "pglast-7.7-cp39-cp39-musllinux_1_2_i686.whl", hash = "sha256:500aa1f900932dd9f2366a23525dbb7bfe36a6a8a7f0b979af872d348b264474"},
    {file = "pglast-7.7-cp39-cp39-musllinux_1_2_x86_64.whl", hash = "sha256:231e0c0fc4085d8741dd80433d4cb5f9475229eded8ec5a676667f409868141d"},
    {file = "pglast-7.7-cp39-cp39-win32.whl", hash = "sha256:eee0a68d857e9d66a29b124ca59287fbd61eec98db7db026bd70a96f329a0361"},
    {file = "pglast-7.7-cp39-cp39-win_amd64.whl", hash = "sha256:d02163ca8b5fcfee551b59b928f30c6d5d673e3661ca8537bed2076c35408dd8"},
    {file = "pglast-7.7.tar.gz", hash = "sha256:5dfbfc1fa39819643a3b915a13668e43bbd6c0b014aadf5d0b4309e860bacbb0"},
]

[package.dependencies]
setuptools = "*"

[package.extras]
dev = ["cython", "metapensiero.tool.bump_version", "pycparser", "readme_renderer"]

[[package]]
name = "pluggy"
version = "1.6.0"
description = "plugin and hook calling mechanisms for python"
optional = false
python-versions = ">=3.9"
files = [
    {file = "pluggy-1.6.0-py3-none-any.whl", hash = "sha256:e920276dd6813095e9377c0bc5566d94c932c33b27a3e3945d8389c374dd4746"},
    {file = "pluggy-1.6.0.tar.gz", hash = "sha256:7dcc130b76258d33b90f61b658791dede3486c3e6bfb003ee5c9bfb396dd22f3"},
]

[package.extras]
dev = ["pre-commit", "tox"]
testing = ["coverage", "pytest", "pytest-benchmark"]

[[package]]
name = "pygments"
version = "2.19.1"
description = "Pygments is a syntax highlighting package written in Python."
optional = false
python-versions = ">=3.8"
files = [
    {file = "pygments-2.19.1-py3-none-any.whl", hash = "sha256:9ea1544ad55cecf4b8242fab6dd35a93bbce657034b0611ee383099054ab6d8c"},
    {file = "pygments-2.19.1.tar.gz", hash = "sha256:61c16d2a8576dc0649d9f39e089b5f02bcd27fba10d8fb4dcc28173f7a45151f"},
]

[package.extras]
windows-terminal = ["colorama (>=0.4.6)"]

[[package]]
name = "pytest"
version = "8.4.1"
description = "pytest: simple powerful testing with Python"
optional = false
python-versions = ">=3.9"
files = [
    {file = "pytest-8.4.1-py3-none-any.whl", hash = "sha256:539c70ba6fcead8e78eebbf1115e8b589e7565830d7d006a8723f19ac8a0afb7"},
    {file = "pytest-8.4.1.tar.gz", hash = "sha256:7c67fd69174877359ed9371ec3af8a3d2b04741818c51e5e99cc1742251fa93c"},
]

[package.dependencies]
colorama = {version = ">=0.4", markers = "sys_platform == \"win32\""}
exceptiongroup = {version = ">=1", markers = "python_version < \"3.11\""}
iniconfig = ">=1"
packaging = ">=20"
pluggy = ">=1.5,<2"
pygments = ">=2.7.2"
tomli = {version = ">=1", markers = "python_version < \"3.11\""}

[package.extras]
dev = ["argcomplete", "attrs (>=19.2)", "hypothesis (>=3.56)", "mock", "requests", "setuptools", "xmlschema"]

[[package]]
name = "setuptools"
version = "80.9.0"
description = "Easily download, build, install, upgrade, and uninstall Python packages"
optional = false
python-versions = ">=3.9"
files = [
    {file = "setuptools-80.9.0-py3-none-any.whl", hash = "sha256:062d34222ad13e0cc312a4c02d73f059e86a4acbfbdea8f8f76b28c99f306922"},
    {file = "setuptools-80.9.0.tar.gz", hash = "sha256:f36b47402ecde768dbfafc46e8e4207b4360c654f1f3bb84475f0a28628fb19c"},
]

[package.extras]
check = ["pytest-checkdocs (>=2.4)", "pytest-ruff (>=0.2.1)", "ruff (>=0.8.0)"]
core = ["importlib_metadata (>=6)", "jaraco.functools (>=4)", "jaraco.text (>=3.7)", "more_itertools", "more_itertools (>=8.8)", "packaging (>=24.2)", "platformdirs (>=4.2.2)", "tomli (>=2.0.1)", "wheel (>=0.43.0)"]
cover = ["pytest-cov"]
doc = ["furo", "jaraco.packaging (>=9.3)", "jaraco.tidelift (>=1.4)", "pygments-github-lexers (==0.0.5)", "pyproject-hooks (!=1.1)", "rst.linker (>=1.9)", "sphinx (>=3.5)", "sphinx-favicon", "sphinx-inline-tabs", "sphinx-lint", "sphinx-notfound-page (>=1,<2)", "sphinx-reredirects", "sphinxcontrib-towncrier", "towncrier (<24.7)"]
enabler = ["pytest-enabler (>=2.2)"]
test = ["build[virtualenv] (>=1.0.3)", "filelock (>=3.4.0)", "ini2toml[lite] (>=0.14)", "jaraco.develop (>=7.21)", "jaraco.envs (>=2.2)", "jaraco.path (>=3.7.2)", "jaraco.test (>=5.5)", "packaging (>=24.2)", "pip (>=19.1)", "pyproject-hooks (!=1.1)", "pytest (>=6,!=8.1.*)", "pytest-home (>=0.5)", "pytest-perf", "pytest-subprocess", "pytest-timeout", "pytest-xdist (>=3)", "tomli-w (>=1.0.0)", "virtualenv (>=13.0.0)", "wheel (>=0.44.0)"]
type = ["importlib_metadata (>=7.0.2)", "jaraco.develop (>=7.21)", "mypy (==1.14.*)", "pytest-mypy"]

[[package]]
name = "tomli"
version = "2.2.1"
description = "A lil' TOML parser"
optional = false
python-versions = ">=3.8"
files = [
    {file = "tomli-2.2.1-cp311-cp311-macosx_10_9_x86_64.whl", hash = "sha256:678e4fa69e4575eb77d103de3df8a895e1591b48e740211bd1067378c69e8249"},
    {file = "tomli-2.2.1-cp311-cp311-macosx_11_0_arm64.whl", hash = "sha256:023aa114dd824ade0100497eb2318602af309e5a55595f76b626d6d9f3b7b0a6"},
    {file = "tomli-2.2.1-cp311-cp311-manylinux_2_17_aarch64.manylinux2014_aarch64.whl", hash = "sha256:ece47d672db52ac607a3d9599a9d48dcb2f2f735c6c2d1f34130085bb12b112a"},
    {file = "tomli-2.2.1-cp311-cp311-manylinux_2_17_x86_64.manylinux2014_x86_64.whl", hash = "sha256:6972ca9c9cc9f0acaa56a8ca1ff51e7af152a9f87fb64623e31d5c83700080ee"},
    {file = "tomli-2.2.1-cp311-cp311-manylinux_2_5_i686.manylinux1_i686.manylinux_2_17_i686.manylinux2014_i686.whl", hash = "sha256:c954d2250168d28797dd4e3ac5cf812a406cd5a92674ee4c8f123c889786aa8e"},
    {file = "tomli-2.2.1-cp311-cp311-musllinux_1_2_aarch64.whl", hash = "sha256:8dd28b3e155b80f4d54beb40a441d366adcfe740969820caf156c019fb5c7ec4"},
    {file = "tomli-2.2.1-cp311-cp311-musllinux_1_2_i686.whl", hash = "sha256:e59e304978767a54663af13c07b3d1af22ddee3bb2fb0618ca1593e4f593a106"},
    {file = "tomli-2.2.1-cp311-cp311-musllinux_1_2_x86_64.whl", hash = "sha256:33580bccab0338d00994d7f16f4c4ec25b776af3ffaac1ed74e0b3fc95e885a8"},
    {file = "tomli-2.2.1-cp311-cp311-win32.whl", hash = "sha256:465af0e0875402f1d226519c9904f37254b3045fc5084697cefb9bdde1ff99ff"},
    {file = "tomli-2.2.1-cp311-cp311-win_amd64.whl", hash = "sha256:2d0f2fdd22b02c6d81637a3c95f8cd77f995846af7414c5c4b8d0545afa1bc4b"},
    {file = "tomli-2.2.1-cp312-cp312-macosx_10_13_x86_64.whl", hash = "sha256:4a8f6e44de52d5e6c657c9fe83b562f5f4256d8ebbfe4ff922c495620a7f6cea"},
    {file = "tomli-2.2.1-cp312-cp312-macosx_11_0_arm64.whl", hash = "sha256:8d57ca8095a641b8237d5b079147646153d22552f1c637fd3ba7f4b0b29167a8"},
    {file = "tomli-2.2.1-cp312-cp312-manylinux_2_17_aarch64.manylinux2014_aarch64.whl", hash = "sha256:4e340144ad7ae1533cb897d406382b4b6fede8890a03738ff1683af800d54192"},
    {file = "tomli-2.2.1-cp312-cp312-manylinux_2_17_x86_64.manylinux2014_x86_64.whl", hash = "sha256:db2b95f9de79181805df90bedc5a5ab4c165e6ec3fe99f970d0e302f384ad222"},
    {file = "tomli-2.2.1-cp312-cp312-manylinux_2_5_i686.manylinux1_i686.manylinux_2_17_i686.manylinux2014_i686.whl", hash = "sha256:40741994320b232529c802f8bc86da4e1aa9f413db394617b9a256ae0f9a7f77"},
    {file = "tomli-2.2.1-cp312-cp312-musllinux_1_2_aarch64.whl", hash = "sha256:400e720fe168c0f8521520190686ef8ef033fb19fc493da09779e592861b78c6"},
    {file = "tomli-2.2.1-cp312-cp312-musllinux_1_2_i686.whl", hash = "sha256:02abe224de6ae62c19f090f68da4e27b10af2b93213d36cf44e6e1c5abd19fdd"},
    {file = "tomli-2.2.1-cp312-cp312-musllinux_1_2_x86_64.whl", hash = "sha256:b82ebccc8c8a36f2094e969560a1b836758481f3dc360ce9a3277c65f374285e"},
    {file = "tomli-2.2.1-cp312-cp312-win32.whl", hash = "sha256:889f80ef92701b9dbb224e49ec87c645ce5df3fa2cc548664eb8a25e03127a98"},
    {file = "tomli-2.2.1-cp312-cp312-win_amd64.whl", hash = "sha256:7fc04e92e1d624a4a63c76474610238576942d6b8950a2d7f908a340494e67e4"},
    {file = "tomli-2.2.1-cp313-cp313-macosx_10_13_x86_64.whl", hash = "sha256:f4039b9cbc3048b2416cc57ab3bda989a6fcf9b36cf8937f01a6e731b64f80d7"},
    {file = "tomli-2.2.1-cp313-cp313-macosx_11_0_arm64.whl", hash = "sha256:286f0ca2ffeeb5b9bd4fcc8d6c330534323ec51b2f52da063b11c502da16f30c"},
    {file = "tomli-2.2.1-cp313-cp313-manylinux_2_17_aarch64.manylinux2014_aarch64.whl", hash = "sha256:a92ef1a44547e894e2a17d24e7557a5e85a9e1d0048b0b5e7541f76c5032cb13"},
    {file = "tomli-2.2.1-cp313-cp313-manylinux_2_17_x86_64.manylinux2014_x86_64.whl", hash = "sha256:9316dc65bed1684c9a98ee68759ceaed29d229e985297003e494aa825ebb0281"},
    {file = "tomli-2.2.1-cp313-cp313-manylinux_2_5_i686.manylinux1_i686.manylinux_2_17_i686.manylinux2014_i686.whl", hash = "sha256:e85e99945e688e32d5a35c1ff38ed0b3f41f43fad8df0bdf79f72b2ba7bc5272"},
    {file = "tomli-2.2.1-cp313-cp313-musllinux_1_2_aarch64.whl", hash = "sha256:ac065718db92ca818f8d6141b5f66369833d4a80a9d74435a268c52bdfa73140"},
    {file = "tomli-2.2.1-cp313-cp313-musllinux_1_2_i686.whl", hash = "sha256:d920f33822747519673ee656a4b6ac33e382eca9d331c87770faa3eef562aeb2"},
    {file = "tomli-2.2.1-cp313-cp313-musllinux_1_2_x86_64.whl", hash = "sha256:a198f10c4d1b1375d7687bc25294306e551bf1abfa4eace6650070a5c1ae2744"},
    {file = "tomli-2.2.1-cp313-cp313-win32.whl", hash = "sha256:d3f5614314d758649ab2ab3a62d4f2004c825922f9e370b29416484086b264ec"},
    {file = "tomli-2.2.1-cp313-cp313-win_amd64.whl", hash = "sha256:a38aa0308e754b0e3c67e344754dff64999ff9b513e691d0e786265c93583c69"},
    {file = "tomli-2.2.1-py3-none-any.whl", hash = "sha256:cb55c73c5f4408779d0cf3eef9f762b9c9f147a77de7b258bef0a5628adc85cc"},
    {file = "tomli-2.2.1.tar.gz", hash = "sha256:cd45e1dc79c835ce60f7404ec8119f2eb06d38b1deba146f07ced3bbc44505ff"},
]

[[package]]
name = "typing-extensions"
version = "4.14.0"
description = "Backported and Experimental Type Hints for Python 3.9+"
optional = false
python-versions = ">=3.9"
files = [
    {file = "typing_extensions-4.14.0-py3-none-any.whl", hash = "sha256:a1514509136dd0b477638fc68d6a91497af5076466ad0fa6c338e44e359944af"},
    {file = "typing_extensions-4.14.0.tar.gz", hash = "sha256:8676b788e32f02ab42d9e7c61324048ae4c6d844a399eebace3d4979d75ceef4"},
]

[metadata]
lock-version = "2.0"
python-versions = "^3.10"
content-hash = "aac41d0227ef2ebc81df756c093523b46ba072dbb6d3da3326675404c744486b"
